
Microsoft Visual Studio Solution File, Format Version 12.00
# Visual Studio Version 17
VisualStudioVersion = 17.8.34525.116
MinimumVisualStudioVersion = 10.0.40219.1
Project("{FAE04EC0-301F-11D3-BF4B-00C04F79EFBC}") = "Jeu_serpent", "Jeu_serpent\Jeu_serpent.csproj", "{278A703E-EEFF-4709-BA8E-91BFBD4B3CC0}"
EndProject
Global
	GlobalSection(SolutionConfigurationPlatforms) = preSolution
		Debug|Any CPU = Debug|Any CPU
		Release|Any CPU = Release|Any CPU
	EndGlobalSection
	GlobalSection(ProjectConfigurationPlatforms) = postSolution
		{278A703E-EEFF-4709-BA8E-91BFBD4B3CC0}.Debug|Any CPU.ActiveCfg = Debug|Any CPU
		{278A703E-EEFF-4709-BA8E-91BFBD4B3CC0}.Debug|Any CPU.Build.0 = Debug|Any CPU
		{278A703E-EEFF-4709-BA8E-91BFBD4B3CC0}.Release|Any CPU.ActiveCfg = Release|Any CPU
		{278A703E-EEFF-4709-BA8E-91BFBD4B3CC0}.Release|Any CPU.Build.0 = Release|Any CPU
	EndGlobalSection
	GlobalSection(SolutionProperties) = preSolution
		HideSolutionNode = FALSE
	EndGlobalSection
	GlobalSection(ExtensibilityGlobals) = postSolution
		SolutionGuid = {FE1A1C8D-6E1A-4BAB-8427-2131C0FFE27C}
	EndGlobalSection
EndGlobal
